<?xml version="1.0" encoding="UTF-8" standalone="yes" ?>
<CodeBlocks_project_file>
	<FileVersion major="1" minor="6" />
	<Project>
		<Option title="trabalho3" />
		<Option pch_mode="2" />
		<Option compiler="g++" />
		<Build>
			<Target title="Debug">
				<Option output="bin/Debug/trabalho3" prefix_auto="1" extension_auto="1" />
				<Option object_output="obj/Debug/" />
				<Option type="1" />
				<Option compiler="gcc" />
				<Compiler>
					<Add option="-g" />
					<Add directory="include" />
				</Compiler>
			</Target>
			<Target title="Release">
				<Option output="bin/Release/trabalho3" prefix_auto="1" extension_auto="1" />
				<Option object_output="obj/Release/" />
				<Option type="1" />
				<Option compiler="gcc" />
				<Compiler>
					<Add option="-O2" />
					<Add directory="include" />
				</Compiler>
				<Linker>
					<Add option="-s" />
				</Linker>
			</Target>
		</Build>
		<Compiler>
			<Add option="-Wall" />
		</Compiler>
		<Unit filename="include/builders.h" />
		<Unit filename="include/containers.h" />
		<Unit filename="include/controladorasapresentacao.h" />
		<Unit filename="include/controladorasservico.h" />
		<Unit filename="include/dominios.h" />
		<Unit filename="include/entidades.h" />
		<Unit filename="include/interfaces.h" />
		<Unit filename="include/stubs.h" />
		<Unit filename="include/testes.h" />
		<Unit filename="src/builders.cpp" />
		<Unit filename="src/containers.cpp" />
		<Unit filename="src/controladorasapresentacao.cpp" />
		<Unit filename="src/controladorasservico.cpp" />
		<Unit filename="src/dominios.cpp" />
		<Unit filename="src/entidades.cpp" />
		<Unit filename="src/main.cpp" />
		<Unit filename="src/stubs.cpp" />
		<Unit filename="src/testes.cpp" />
		<Extensions>
			<code_completion />
			<envvars />
			<debugger />
		</Extensions>
	</Project>
</CodeBlocks_project_file>
